
Microsoft Visual Studio Solution File, Format Version 12.00
# Visual Studio Version 16
VisualStudioVersion = 16.0.31105.61
MinimumVisualStudioVersion = 10.0.40219.1
Project("{FAE04EC0-301F-11D3-BF4B-00C04F79EFBC}") = "ProjetoSemearTurismo", "ProjetoSemearTurismo\ProjetoSemearTurismo.csproj", "{3D07978B-759C-4338-BC60-E860FB7557B3}"
EndProject
Global
	GlobalSection(SolutionConfigurationPlatforms) = preSolution
		Debug|Any CPU = Debug|Any CPU
		Release|Any CPU = Release|Any CPU
	EndGlobalSection
	GlobalSection(ProjectConfigurationPlatforms) = postSolution
		{3D07978B-759C-4338-BC60-E860FB7557B3}.Debug|Any CPU.ActiveCfg = Debug|Any CPU
		{3D07978B-759C-4338-BC60-E860FB7557B3}.Debug|Any CPU.Build.0 = Debug|Any CPU
		{3D07978B-759C-4338-BC60-E860FB7557B3}.Release|Any CPU.ActiveCfg = Release|Any CPU
		{3D07978B-759C-4338-BC60-E860FB7557B3}.Release|Any CPU.Build.0 = Release|Any CPU
	EndGlobalSection
	GlobalSection(SolutionProperties) = preSolution
		HideSolutionNode = FALSE
	EndGlobalSection
	GlobalSection(ExtensibilityGlobals) = postSolution
		SolutionGuid = {3860517A-3645-4689-8B16-C6EE3F44385F}
	EndGlobalSection
EndGlobal
